
Microsoft Visual Studio Solution File, Format Version 12.00
# Visual Studio Version 17
VisualStudioVersion = 17.2.32630.192
MinimumVisualStudioVersion = 10.0.40219.1
Project("{9A19103F-16F7-4668-BE54-9A1E7A4F7556}") = "SelfCert", "SelfCert\SelfCert.csproj", "{CD6B5A26-4EAB-4B39-BD60-DDEA6D9AA62F}"
EndProject
Project("{9A19103F-16F7-4668-BE54-9A1E7A4F7556}") = "Pluralsight.Crypto", "Pluralsight.Crypto\Pluralsight.Crypto.csproj", "{F7BA56DC-C024-4C2A-B50B-AD7FE7273FC4}"
EndProject
Global
	GlobalSection(SolutionConfigurationPlatforms) = preSolution
		Debug|Any CPU = Debug|Any CPU
		Release|Any CPU = Release|Any CPU
	EndGlobalSection
	GlobalSection(ProjectConfigurationPlatforms) = postSolution
		{CD6B5A26-4EAB-4B39-BD60-DDEA6D9AA62F}.Debug|Any CPU.ActiveCfg = Debug|Any CPU
		{CD6B5A26-4EAB-4B39-BD60-DDEA6D9AA62F}.Debug|Any CPU.Build.0 = Debug|Any CPU
		{CD6B5A26-4EAB-4B39-BD60-DDEA6D9AA62F}.Release|Any CPU.ActiveCfg = Release|Any CPU
		{CD6B5A26-4EAB-4B39-BD60-DDEA6D9AA62F}.Release|Any CPU.Build.0 = Release|Any CPU
		{F7BA56DC-C024-4C2A-B50B-AD7FE7273FC4}.Debug|Any CPU.ActiveCfg = Debug|Any CPU
		{F7BA56DC-C024-4C2A-B50B-AD7FE7273FC4}.Debug|Any CPU.Build.0 = Debug|Any CPU
		{F7BA56DC-C024-4C2A-B50B-AD7FE7273FC4}.Release|Any CPU.ActiveCfg = Release|Any CPU
		{F7BA56DC-C024-4C2A-B50B-AD7FE7273FC4}.Release|Any CPU.Build.0 = Release|Any CPU
	EndGlobalSection
	GlobalSection(SolutionProperties) = preSolution
		HideSolutionNode = FALSE
	EndGlobalSection
	GlobalSection(ExtensibilityGlobals) = postSolution
		SolutionGuid = {0E5634AC-F217-4AB8-AB4B-8EDAC458C370}
	EndGlobalSection
EndGlobal
